{
  "version": 4,
  "terraform_version": "0.13.1",
  "serial": 147,
  "lineage": "afecc7d6-0622-da0a-f23a-b20da200e277",
  "outputs": {},
  "resources": [
    {
      "module": "module.accepter_network",
      "mode": "managed",
      "type": "aws_eip",
      "name": "network_eip",
      "provider": "provider[\"registry.terraform.io/hashicorp/aws\"]",
      "instances": [
        {
          "index_key": 0,
          "schema_version": 0,
          "attributes": {
            "allocation_id": null,
            "associate_with_private_ip": null,
            "association_id": "",
            "customer_owned_ip": "",
            "customer_owned_ipv4_pool": "",
            "domain": "vpc",
            "id": "eipalloc-019282a60a967ceb8",
            "instance": "",
            "network_border_group": "us-east-2",
            "network_interface": "",
            "private_dns": null,
            "private_ip": "",
            "public_dns": "ec2-3-140-134-170.us-east-2.compute.amazonaws.com",
            "public_ip": "3.140.134.170",
            "public_ipv4_pool": "amazon",
            "tags": {
              "Author": "Leon Mwandiringa",
              "Environment": "Development",
              "Name": "network_eip_1",
              "Project": "terraform demo"
            },
            "timeouts": null,
            "vpc": true
          },
          "private": "eyJlMmJmYjczMC1lY2FhLTExZTYtOGY4OC0zNDM2M2JjN2M0YzAiOnsiZGVsZXRlIjoxODAwMDAwMDAwMDAsInJlYWQiOjkwMDAwMDAwMDAwMCwidXBkYXRlIjozMDAwMDAwMDAwMDB9fQ=="
        }
      ]
    },
    {
      "module": "module.accepter_network",
      "mode": "managed",
      "type": "aws_internet_gateway",
      "name": "network_igw",
      "provider": "provider[\"registry.terraform.io/hashicorp/aws\"]",
      "instances": [
        {
          "schema_version": 0,
          "attributes": {
            "arn": "arn:aws:ec2:us-east-2:600417590558:internet-gateway/igw-0c372da017fbe9af2",
            "id": "igw-0c372da017fbe9af2",
            "owner_id": "600417590558",
            "tags": {
              "Author": "Leon Mwandiringa",
              "Environment": "Development",
              "Name": "Network IGW",
              "Project": "terraform demo"
            },
            "vpc_id": "vpc-0225d8f304b411f4d"
          },
          "private": "bnVsbA==",
          "dependencies": [
            "module.accepter_network.aws_vpc.network_vpc"
          ]
        }
      ]
    },
    {
      "module": "module.accepter_network",
      "mode": "managed",
      "type": "aws_network_acl",
      "name": "firewall_private_nacl",
      "provider": "provider[\"registry.terraform.io/hashicorp/aws\"]",
      "instances": [
        {
          "index_key": 0,
          "schema_version": 0,
          "attributes": {
            "arn": "arn:aws:ec2:us-east-2:600417590558:network-acl/acl-01fac6eec0d3e232d",
            "egress": [],
            "id": "acl-01fac6eec0d3e232d",
            "ingress": [],
            "owner_id": "600417590558",
            "subnet_ids": [
              "subnet-01ac40779ff1bc723"
            ],
            "tags": {
              "Author": "Leon Mwandiringa",
              "Environment": "Development",
              "Name": "Firewall private nacl",
              "Project": "terraform demo"
            },
            "vpc_id": "vpc-0225d8f304b411f4d"
          },
          "private": "bnVsbA==",
          "dependencies": [
            "module.accepter_network.aws_subnet.network_private_subnet",
            "module.accepter_network.aws_vpc.network_vpc"
          ]
        }
      ]
    },
    {
      "module": "module.accepter_network",
      "mode": "managed",
      "type": "aws_network_acl_rule",
      "name": "private_inbound",
      "provider": "provider[\"registry.terraform.io/hashicorp/aws\"]",
      "instances": [
        {
          "index_key": 0,
          "schema_version": 0,
          "attributes": {
            "cidr_block": "0.0.0.0/0",
            "egress": false,
            "from_port": 0,
            "icmp_code": null,
            "icmp_type": null,
            "id": "nacl-1080052301",
            "ipv6_cidr_block": "",
            "network_acl_id": "acl-01fac6eec0d3e232d",
            "protocol": "all",
            "rule_action": "allow",
            "rule_number": 100,
            "to_port": 0
          },
          "private": "bnVsbA==",
          "dependencies": [
            "module.accepter_network.aws_network_acl.firewall_private_nacl",
            "module.accepter_network.aws_subnet.network_private_subnet",
            "module.accepter_network.aws_vpc.network_vpc"
          ]
        }
      ]
    },
    {
      "module": "module.accepter_network",
      "mode": "managed",
      "type": "aws_network_acl_rule",
      "name": "private_outbound",
      "provider": "provider[\"registry.terraform.io/hashicorp/aws\"]",
      "instances": [
        {
          "index_key": 0,
          "schema_version": 0,
          "attributes": {
            "cidr_block": "0.0.0.0/0",
            "egress": true,
            "from_port": 0,
            "icmp_code": null,
            "icmp_type": null,
            "id": "nacl-3207375701",
            "ipv6_cidr_block": "",
            "network_acl_id": "acl-01fac6eec0d3e232d",
            "protocol": "all",
            "rule_action": "allow",
            "rule_number": 100,
            "to_port": 0
          },
          "private": "bnVsbA==",
          "dependencies": [
            "module.accepter_network.aws_network_acl.firewall_private_nacl",
            "module.accepter_network.aws_subnet.network_private_subnet",
            "module.accepter_network.aws_vpc.network_vpc"
          ]
        }
      ]
    },
    {
      "module": "module.accepter_network",
      "mode": "managed",
      "type": "aws_route_table",
      "name": "network_private_rt",
      "provider": "provider[\"registry.terraform.io/hashicorp/aws\"]",
      "instances": [
        {
          "schema_version": 0,
          "attributes": {
            "id": "rtb-04c96576463bd205e",
            "owner_id": "600417590558",
            "propagating_vgws": [],
            "route": [],
            "tags": {
              "Author": "Leon Mwandiringa",
              "Environment": "Development",
              "Name": "Network Private rt",
              "Project": "terraform demo"
            },
            "vpc_id": "vpc-0225d8f304b411f4d"
          },
          "private": "bnVsbA==",
          "dependencies": [
            "module.accepter_network.aws_vpc.network_vpc"
          ]
        }
      ]
    },
    {
      "module": "module.accepter_network",
      "mode": "managed",
      "type": "aws_route_table_association",
      "name": "subnets_private_rt_assoc",
      "provider": "provider[\"registry.terraform.io/hashicorp/aws\"]",
      "instances": [
        {
          "index_key": 0,
          "schema_version": 0,
          "attributes": {
            "gateway_id": null,
            "id": "rtbassoc-08c37800c70a1265b",
            "route_table_id": "rtb-04c96576463bd205e",
            "subnet_id": "subnet-01ac40779ff1bc723"
          },
          "private": "bnVsbA==",
          "dependencies": [
            "module.accepter_network.aws_route_table.network_private_rt",
            "module.accepter_network.aws_subnet.network_private_subnet",
            "module.accepter_network.aws_vpc.network_vpc"
          ]
        }
      ]
    },
    {
      "module": "module.accepter_network",
      "mode": "managed",
      "type": "aws_security_group",
      "name": "network_default_sg",
      "provider": "provider[\"registry.terraform.io/hashicorp/aws\"]",
      "instances": [
        {
          "schema_version": 1,
          "attributes": {
            "arn": "arn:aws:ec2:us-east-2:600417590558:security-group/sg-07f6361e2b9dbcdf0",
            "description": "Allow HTTP, HTTPS and SSH traffic",
            "egress": [
              {
                "cidr_blocks": [
                  "0.0.0.0/0"
                ],
                "description": "",
                "from_port": 0,
                "ipv6_cidr_blocks": [],
                "prefix_list_ids": [],
                "protocol": "-1",
                "security_groups": [],
                "self": false,
                "to_port": 0
              }
            ],
            "id": "sg-07f6361e2b9dbcdf0",
            "ingress": [
              {
                "cidr_blocks": [
                  "0.0.0.0/0"
                ],
                "description": "HTTP",
                "from_port": 80,
                "ipv6_cidr_blocks": [],
                "prefix_list_ids": [],
                "protocol": "tcp",
                "security_groups": [],
                "self": false,
                "to_port": 80
              }
            ],
            "name": "network_default_sg_accepter_net",
            "name_prefix": "",
            "owner_id": "600417590558",
            "revoke_rules_on_delete": false,
            "tags": {
              "Author": "Leon Mwandiringa",
              "Environment": "Development",
              "Name": "Network default sg",
              "Project": "terraform demo"
            },
            "timeouts": null,
            "vpc_id": "vpc-0225d8f304b411f4d"
          },
          "private": "eyJlMmJmYjczMC1lY2FhLTExZTYtOGY4OC0zNDM2M2JjN2M0YzAiOnsiY3JlYXRlIjo2MDAwMDAwMDAwMDAsImRlbGV0ZSI6NjAwMDAwMDAwMDAwfSwic2NoZW1hX3ZlcnNpb24iOiIxIn0=",
          "dependencies": [
            "module.accepter_network.aws_vpc.network_vpc"
          ]
        }
      ]
    },
    {
      "module": "module.accepter_network",
      "mode": "managed",
      "type": "aws_subnet",
      "name": "network_private_subnet",
      "provider": "provider[\"registry.terraform.io/hashicorp/aws\"]",
      "instances": [
        {
          "index_key": 0,
          "schema_version": 1,
          "attributes": {
            "arn": "arn:aws:ec2:us-east-2:600417590558:subnet/subnet-01ac40779ff1bc723",
            "assign_ipv6_address_on_creation": false,
            "availability_zone": "us-east-2a",
            "availability_zone_id": "use2-az1",
            "cidr_block": "10.0.4.0/24",
            "id": "subnet-01ac40779ff1bc723",
            "ipv6_cidr_block": "",
            "ipv6_cidr_block_association_id": "",
            "map_public_ip_on_launch": false,
            "outpost_arn": "",
            "owner_id": "600417590558",
            "tags": {
              "Author": "Leon Mwandiringa",
              "Environment": "Development",
              "Name": "Network private subnet az1",
              "Project": "terraform demo"
            },
            "timeouts": null,
            "vpc_id": "vpc-0225d8f304b411f4d"
          },
          "private": "eyJlMmJmYjczMC1lY2FhLTExZTYtOGY4OC0zNDM2M2JjN2M0YzAiOnsiY3JlYXRlIjo2MDAwMDAwMDAwMDAsImRlbGV0ZSI6MTIwMDAwMDAwMDAwMH0sInNjaGVtYV92ZXJzaW9uIjoiMSJ9",
          "dependencies": [
            "module.accepter_network.aws_vpc.network_vpc"
          ]
        }
      ]
    },
    {
      "module": "module.accepter_network",
      "mode": "managed",
      "type": "aws_vpc",
      "name": "network_vpc",
      "provider": "provider[\"registry.terraform.io/hashicorp/aws\"]",
      "instances": [
        {
          "schema_version": 1,
          "attributes": {
            "arn": "arn:aws:ec2:us-east-2:600417590558:vpc/vpc-0225d8f304b411f4d",
            "assign_generated_ipv6_cidr_block": false,
            "cidr_block": "10.0.0.0/16",
            "default_network_acl_id": "acl-06eab2b9cec6749e3",
            "default_route_table_id": "rtb-0fcc67018dd9143d7",
            "default_security_group_id": "sg-04efc7a0ce35f9af5",
            "dhcp_options_id": "dopt-c4844eaf",
            "enable_classiclink": false,
            "enable_classiclink_dns_support": null,
            "enable_dns_hostnames": true,
            "enable_dns_support": true,
            "id": "vpc-0225d8f304b411f4d",
            "instance_tenancy": "default",
            "ipv6_association_id": "",
            "ipv6_cidr_block": "",
            "main_route_table_id": "rtb-0fcc67018dd9143d7",
            "owner_id": "600417590558",
            "tags": {
              "Author": "Leon Mwandiringa",
              "Environment": "Development",
              "Name": "Network VPC",
              "Project": "terraform demo"
            }
          },
          "private": "eyJzY2hlbWFfdmVyc2lvbiI6IjEifQ=="
        }
      ]
    },
    {
      "module": "module.requester_network",
      "mode": "managed",
      "type": "aws_eip",
      "name": "network_eip",
      "provider": "provider[\"registry.terraform.io/hashicorp/aws\"]",
      "instances": [
        {
          "index_key": 0,
          "schema_version": 0,
          "attributes": {
            "allocation_id": null,
            "associate_with_private_ip": null,
            "association_id": "",
            "customer_owned_ip": "",
            "customer_owned_ipv4_pool": "",
            "domain": "vpc",
            "id": "eipalloc-0e3622c5af4e265c3",
            "instance": "",
            "network_border_group": "us-east-2",
            "network_interface": "",
            "private_dns": null,
            "private_ip": "",
            "public_dns": "ec2-3-140-118-28.us-east-2.compute.amazonaws.com",
            "public_ip": "3.140.118.28",
            "public_ipv4_pool": "amazon",
            "tags": {
              "Author": "Leon Mwandiringa",
              "Environment": "Development",
              "Name": "network_eip_1",
              "Project": "terraform demo"
            },
            "timeouts": null,
            "vpc": true
          },
          "private": "eyJlMmJmYjczMC1lY2FhLTExZTYtOGY4OC0zNDM2M2JjN2M0YzAiOnsiZGVsZXRlIjoxODAwMDAwMDAwMDAsInJlYWQiOjkwMDAwMDAwMDAwMCwidXBkYXRlIjozMDAwMDAwMDAwMDB9fQ=="
        }
      ]
    },
    {
      "module": "module.requester_network",
      "mode": "managed",
      "type": "aws_internet_gateway",
      "name": "network_igw",
      "provider": "provider[\"registry.terraform.io/hashicorp/aws\"]",
      "instances": [
        {
          "schema_version": 0,
          "attributes": {
            "arn": "arn:aws:ec2:us-east-2:600417590558:internet-gateway/igw-0fb347478dd4823ba",
            "id": "igw-0fb347478dd4823ba",
            "owner_id": "600417590558",
            "tags": {
              "Author": "Leon Mwandiringa",
              "Environment": "Development",
              "Name": "Network IGW",
              "Project": "terraform demo"
            },
            "vpc_id": "vpc-0a12b257a8d0354c2"
          },
          "private": "bnVsbA==",
          "dependencies": [
            "module.requester_network.aws_vpc.network_vpc"
          ]
        }
      ]
    },
    {
      "module": "module.requester_network",
      "mode": "managed",
      "type": "aws_network_acl",
      "name": "firewall_private_nacl",
      "provider": "provider[\"registry.terraform.io/hashicorp/aws\"]",
      "instances": [
        {
          "index_key": 0,
          "schema_version": 0,
          "attributes": {
            "arn": "arn:aws:ec2:us-east-2:600417590558:network-acl/acl-0532accb7d664c5ca",
            "egress": [],
            "id": "acl-0532accb7d664c5ca",
            "ingress": [],
            "owner_id": "600417590558",
            "subnet_ids": [
              "subnet-008e189914aa08125"
            ],
            "tags": {
              "Author": "Leon Mwandiringa",
              "Environment": "Development",
              "Name": "Firewall private nacl",
              "Project": "terraform demo"
            },
            "vpc_id": "vpc-0a12b257a8d0354c2"
          },
          "private": "bnVsbA==",
          "dependencies": [
            "module.requester_network.aws_subnet.network_private_subnet",
            "module.requester_network.aws_vpc.network_vpc"
          ]
        }
      ]
    },
    {
      "module": "module.requester_network",
      "mode": "managed",
      "type": "aws_network_acl_rule",
      "name": "private_inbound",
      "provider": "provider[\"registry.terraform.io/hashicorp/aws\"]",
      "instances": [
        {
          "index_key": 0,
          "schema_version": 0,
          "attributes": {
            "cidr_block": "0.0.0.0/0",
            "egress": false,
            "from_port": 0,
            "icmp_code": null,
            "icmp_type": null,
            "id": "nacl-1849092415",
            "ipv6_cidr_block": "",
            "network_acl_id": "acl-0532accb7d664c5ca",
            "protocol": "all",
            "rule_action": "allow",
            "rule_number": 100,
            "to_port": 0
          },
          "private": "bnVsbA==",
          "dependencies": [
            "module.requester_network.aws_network_acl.firewall_private_nacl",
            "module.requester_network.aws_subnet.network_private_subnet",
            "module.requester_network.aws_vpc.network_vpc"
          ]
        }
      ]
    },
    {
      "module": "module.requester_network",
      "mode": "managed",
      "type": "aws_network_acl_rule",
      "name": "private_outbound",
      "provider": "provider[\"registry.terraform.io/hashicorp/aws\"]",
      "instances": [
        {
          "index_key": 0,
          "schema_version": 0,
          "attributes": {
            "cidr_block": "0.0.0.0/0",
            "egress": true,
            "from_port": 0,
            "icmp_code": null,
            "icmp_type": null,
            "id": "nacl-1568823336",
            "ipv6_cidr_block": "",
            "network_acl_id": "acl-0532accb7d664c5ca",
            "protocol": "all",
            "rule_action": "allow",
            "rule_number": 100,
            "to_port": 0
          },
          "private": "bnVsbA==",
          "dependencies": [
            "module.requester_network.aws_network_acl.firewall_private_nacl",
            "module.requester_network.aws_subnet.network_private_subnet",
            "module.requester_network.aws_vpc.network_vpc"
          ]
        }
      ]
    },
    {
      "module": "module.requester_network",
      "mode": "managed",
      "type": "aws_route_table",
      "name": "network_private_rt",
      "provider": "provider[\"registry.terraform.io/hashicorp/aws\"]",
      "instances": [
        {
          "schema_version": 0,
          "attributes": {
            "id": "rtb-0d593aeff2342e369",
            "owner_id": "600417590558",
            "propagating_vgws": [],
            "route": [],
            "tags": {
              "Author": "Leon Mwandiringa",
              "Environment": "Development",
              "Name": "Network Private rt",
              "Project": "terraform demo"
            },
            "vpc_id": "vpc-0a12b257a8d0354c2"
          },
          "private": "bnVsbA==",
          "dependencies": [
            "module.requester_network.aws_vpc.network_vpc"
          ]
        }
      ]
    },
    {
      "module": "module.requester_network",
      "mode": "managed",
      "type": "aws_route_table_association",
      "name": "subnets_private_rt_assoc",
      "provider": "provider[\"registry.terraform.io/hashicorp/aws\"]",
      "instances": [
        {
          "index_key": 0,
          "schema_version": 0,
          "attributes": {
            "gateway_id": null,
            "id": "rtbassoc-04de2df79ba93dfde",
            "route_table_id": "rtb-0d593aeff2342e369",
            "subnet_id": "subnet-008e189914aa08125"
          },
          "private": "bnVsbA==",
          "dependencies": [
            "module.requester_network.aws_route_table.network_private_rt",
            "module.requester_network.aws_subnet.network_private_subnet",
            "module.requester_network.aws_vpc.network_vpc"
          ]
        }
      ]
    },
    {
      "module": "module.requester_network",
      "mode": "managed",
      "type": "aws_security_group",
      "name": "network_default_sg",
      "provider": "provider[\"registry.terraform.io/hashicorp/aws\"]",
      "instances": [
        {
          "schema_version": 1,
          "attributes": {
            "arn": "arn:aws:ec2:us-east-2:600417590558:security-group/sg-0e55158b31d856817",
            "description": "Allow HTTP, HTTPS and SSH traffic",
            "egress": [
              {
                "cidr_blocks": [
                  "0.0.0.0/0"
                ],
                "description": "",
                "from_port": 0,
                "ipv6_cidr_blocks": [],
                "prefix_list_ids": [],
                "protocol": "-1",
                "security_groups": [],
                "self": false,
                "to_port": 0
              }
            ],
            "id": "sg-0e55158b31d856817",
            "ingress": [
              {
                "cidr_blocks": [
                  "0.0.0.0/0"
                ],
                "description": "HTTP",
                "from_port": 80,
                "ipv6_cidr_blocks": [],
                "prefix_list_ids": [],
                "protocol": "tcp",
                "security_groups": [],
                "self": false,
                "to_port": 80
              }
            ],
            "name": "network_default_sg_requester_net",
            "name_prefix": "",
            "owner_id": "600417590558",
            "revoke_rules_on_delete": false,
            "tags": {
              "Author": "Leon Mwandiringa",
              "Environment": "Development",
              "Name": "Network default sg",
              "Project": "terraform demo"
            },
            "timeouts": null,
            "vpc_id": "vpc-0a12b257a8d0354c2"
          },
          "private": "eyJlMmJmYjczMC1lY2FhLTExZTYtOGY4OC0zNDM2M2JjN2M0YzAiOnsiY3JlYXRlIjo2MDAwMDAwMDAwMDAsImRlbGV0ZSI6NjAwMDAwMDAwMDAwfSwic2NoZW1hX3ZlcnNpb24iOiIxIn0=",
          "dependencies": [
            "module.requester_network.aws_vpc.network_vpc"
          ]
        }
      ]
    },
    {
      "module": "module.requester_network",
      "mode": "managed",
      "type": "aws_subnet",
      "name": "network_private_subnet",
      "provider": "provider[\"registry.terraform.io/hashicorp/aws\"]",
      "instances": [
        {
          "index_key": 0,
          "schema_version": 1,
          "attributes": {
            "arn": "arn:aws:ec2:us-east-2:600417590558:subnet/subnet-008e189914aa08125",
            "assign_ipv6_address_on_creation": false,
            "availability_zone": "us-east-2a",
            "availability_zone_id": "use2-az1",
            "cidr_block": "10.0.1.0/24",
            "id": "subnet-008e189914aa08125",
            "ipv6_cidr_block": "",
            "ipv6_cidr_block_association_id": "",
            "map_public_ip_on_launch": false,
            "outpost_arn": "",
            "owner_id": "600417590558",
            "tags": {
              "Author": "Leon Mwandiringa",
              "Environment": "Development",
              "Name": "Network private subnet az1",
              "Project": "terraform demo"
            },
            "timeouts": null,
            "vpc_id": "vpc-0a12b257a8d0354c2"
          },
          "private": "eyJlMmJmYjczMC1lY2FhLTExZTYtOGY4OC0zNDM2M2JjN2M0YzAiOnsiY3JlYXRlIjo2MDAwMDAwMDAwMDAsImRlbGV0ZSI6MTIwMDAwMDAwMDAwMH0sInNjaGVtYV92ZXJzaW9uIjoiMSJ9",
          "dependencies": [
            "module.requester_network.aws_vpc.network_vpc"
          ]
        }
      ]
    },
    {
      "module": "module.requester_network",
      "mode": "managed",
      "type": "aws_vpc",
      "name": "network_vpc",
      "provider": "provider[\"registry.terraform.io/hashicorp/aws\"]",
      "instances": [
        {
          "schema_version": 1,
          "attributes": {
            "arn": "arn:aws:ec2:us-east-2:600417590558:vpc/vpc-0a12b257a8d0354c2",
            "assign_generated_ipv6_cidr_block": false,
            "cidr_block": "10.0.0.0/16",
            "default_network_acl_id": "acl-0110e034085ec0a99",
            "default_route_table_id": "rtb-04f5c62c9987c7d76",
            "default_security_group_id": "sg-06bc85f30f00b9e55",
            "dhcp_options_id": "dopt-c4844eaf",
            "enable_classiclink": false,
            "enable_classiclink_dns_support": null,
            "enable_dns_hostnames": true,
            "enable_dns_support": true,
            "id": "vpc-0a12b257a8d0354c2",
            "instance_tenancy": "default",
            "ipv6_association_id": "",
            "ipv6_cidr_block": "",
            "main_route_table_id": "rtb-04f5c62c9987c7d76",
            "owner_id": "600417590558",
            "tags": {
              "Author": "Leon Mwandiringa",
              "Environment": "Development",
              "Name": "Network VPC",
              "Project": "terraform demo"
            }
          },
          "private": "eyJzY2hlbWFfdmVyc2lvbiI6IjEifQ=="
        }
      ]
    }
  ]
}
